// !$*UTF8*$!
{
	archiveVersion = 1;
	classes = {
	};
	objectVersion = 46;
	objects = {

/* Begin PBXBuildFile section */
		41AB7EFFA7A141875160D450 /* Pods_ParseChatUITests.framework in Frameworks */ = {isa = PBXBuildFile; fileRef = 4B47CE9CE2939B769D469D38 /* Pods_ParseChatUITests.framework */; };
		5EC0946C68B1C9C3E18743DD /* Pods_ParseChatTests.framework in Frameworks */ = {isa = PBXBuildFile; fileRef = 7D96FEAA812997BA4C149788 /* Pods_ParseChatTests.framework */; };
		CF229BD4BF445DEDBAB4E8FF /* Pods_ParseChat.framework in Frameworks */ = {isa = PBXBuildFile; fileRef = FB50E2D7F7E0DD1BFA96F63A /* Pods_ParseChat.framework */; };
		FA56498B1F018C7C00A0B58A /* LoginViewController.swift in Sources */ = {isa = PBXBuildFile; fileRef = FA56498A1F018C7C00A0B58A /* LoginViewController.swift */; };
		FA56498D1F01A3FA00A0B58A /* ChatViewController.swift in Sources */ = {isa = PBXBuildFile; fileRef = FA56498C1F01A3FA00A0B58A /* ChatViewController.swift */; };
		FAAFD25D1F0189D3005AE035 /* AppDelegate.swift in Sources */ = {isa = PBXBuildFile; fileRef = FAAFD25C1F0189D3005AE035 /* AppDelegate.swift */; };
		FAAFD2621F0189D3005AE035 /* Main.storyboard in Resources */ = {isa = PBXBuildFile; fileRef = FAAFD2601F0189D3005AE035 /* Main.storyboard */; };
		FAAFD2641F0189D3005AE035 /* Assets.xcassets in Resources */ = {isa = PBXBuildFile; fileRef = FAAFD2631F0189D3005AE035 /* Assets.xcassets */; };
		FAAFD2671F0189D3005AE035 /* LaunchScreen.storyboard in Resources */ = {isa = PBXBuildFile; fileRef = FAAFD2651F0189D3005AE035 /* LaunchScreen.storyboard */; };
		FAAFD2721F0189D3005AE035 /* ParseChatTests.swift in Sources */ = {isa = PBXBuildFile; fileRef = FAAFD2711F0189D3005AE035 /* ParseChatTests.swift */; };
		FAAFD27D1F0189D3005AE035 /* ParseChatUITests.swift in Sources */ = {isa = PBXBuildFile; fileRef = FAAFD27C1F0189D3005AE035 /* ParseChatUITests.swift */; };
/* End PBXBuildFile section */

/* Begin PBXContainerItemProxy section */
		FAAFD26E1F0189D3005AE035 /* PBXContainerItemProxy */ = {
			isa = PBXContainerItemProxy;
			containerPortal = FAAFD2511F0189D2005AE035 /* Project object */;
			proxyType = 1;
			remoteGlobalIDString = FAAFD2581F0189D3005AE035;
			remoteInfo = ParseChat;
		};
		FAAFD2791F0189D3005AE035 /* PBXContainerItemProxy */ = {
			isa = PBXContainerItemProxy;
			containerPortal = FAAFD2511F0189D2005AE035 /* Project object */;
			proxyType = 1;
			remoteGlobalIDString = FAAFD2581F0189D3005AE035;
			remoteInfo = ParseChat;
		};
/* End PBXContainerItemProxy section */

/* Begin PBXFileReference section */
		078E5B6F95F074AEF77D0960 /* Pods-ParseChatUITests.release.xcconfig */ = {isa = PBXFileReference; includeInIndex = 1; lastKnownFileType = text.xcconfig; name = "Pods-ParseChatUITests.release.xcconfig"; path = "Pods/Target Support Files/Pods-ParseChatUITests/Pods-ParseChatUITests.release.xcconfig"; sourceTree = "<group>"; };
		34C012A94BBB076240073BC6 /* Pods-ParseChatUITests.debug.xcconfig */ = {isa = PBXFileReference; includeInIndex = 1; lastKnownFileType = text.xcconfig; name = "Pods-ParseChatUITests.debug.xcconfig"; path = "Pods/Target Support Files/Pods-ParseChatUITests/Pods-ParseChatUITests.debug.xcconfig"; sourceTree = "<group>"; };
		4B47CE9CE2939B769D469D38 /* Pods_ParseChatUITests.framework */ = {isa = PBXFileReference; explicitFileType = wrapper.framework; includeInIndex = 0; path = Pods_ParseChatUITests.framework; sourceTree = BUILT_PRODUCTS_DIR; };
		53B95E28ABE9A5AEE7A8CC88 /* Pods-ParseChatTests.debug.xcconfig */ = {isa = PBXFileReference; includeInIndex = 1; lastKnownFileType = text.xcconfig; name = "Pods-ParseChatTests.debug.xcconfig"; path = "Pods/Target Support Files/Pods-ParseChatTests/Pods-ParseChatTests.debug.xcconfig"; sourceTree = "<group>"; };
		7D96FEAA812997BA4C149788 /* Pods_ParseChatTests.framework */ = {isa = PBXFileReference; explicitFileType = wrapper.framework; includeInIndex = 0; path = Pods_ParseChatTests.framework; sourceTree = BUILT_PRODUCTS_DIR; };
		DF2A0E5CC2E33DD597020DBE /* Pods-ParseChat.debug.xcconfig */ = {isa = PBXFileReference; includeInIndex = 1; lastKnownFileType = text.xcconfig; name = "Pods-ParseChat.debug.xcconfig"; path = "Pods/Target Support Files/Pods-ParseChat/Pods-ParseChat.debug.xcconfig"; sourceTree = "<group>"; };
		E5B833F0ED762B95E105B27A /* Pods-ParseChatTests.release.xcconfig */ = {isa = PBXFileReference; includeInIndex = 1; lastKnownFileType = text.xcconfig; name = "Pods-ParseChatTests.release.xcconfig"; path = "Pods/Target Support Files/Pods-ParseChatTests/Pods-ParseChatTests.release.xcconfig"; sourceTree = "<group>"; };
		FA56498A1F018C7C00A0B58A /* LoginViewController.swift */ = {isa = PBXFileReference; fileEncoding = 4; lastKnownFileType = sourcecode.swift; path = LoginViewController.swift; sourceTree = "<group>"; };
		FA56498C1F01A3FA00A0B58A /* ChatViewController.swift */ = {isa = PBXFileReference; fileEncoding = 4; lastKnownFileType = sourcecode.swift; path = ChatViewController.swift; sourceTree = "<group>"; };
		FAAFD2591F0189D3005AE035 /* ParseChat.app */ = {isa = PBXFileReference; explicitFileType = wrapper.application; includeInIndex = 0; path = ParseChat.app; sourceTree = BUILT_PRODUCTS_DIR; };
		FAAFD25C1F0189D3005AE035 /* AppDelegate.swift */ = {isa = PBXFileReference; lastKnownFileType = sourcecode.swift; path = AppDelegate.swift; sourceTree = "<group>"; };
		FAAFD2611F0189D3005AE035 /* Base */ = {isa = PBXFileReference; lastKnownFileType = file.storyboard; name = Base; path = Base.lproj/Main.storyboard; sourceTree = "<group>"; };
		FAAFD2631F0189D3005AE035 /* Assets.xcassets */ = {isa = PBXFileReference; lastKnownFileType = folder.assetcatalog; path = Assets.xcassets; sourceTree = "<group>"; };
		FAAFD2661F0189D3005AE035 /* Base */ = {isa = PBXFileReference; lastKnownFileType = file.storyboard; name = Base; path = Base.lproj/LaunchScreen.storyboard; sourceTree = "<group>"; };
		FAAFD2681F0189D3005AE035 /* Info.plist */ = {isa = PBXFileReference; lastKnownFileType = text.plist.xml; path = Info.plist; sourceTree = "<group>"; };
		FAAFD26D1F0189D3005AE035 /* ParseChatTests.xctest */ = {isa = PBXFileReference; explicitFileType = wrapper.cfbundle; includeInIndex = 0; path = ParseChatTests.xctest; sourceTree = BUILT_PRODUCTS_DIR; };
		FAAFD2711F0189D3005AE035 /* ParseChatTests.swift */ = {isa = PBXFileReference; lastKnownFileType = sourcecode.swift; path = ParseChatTests.swift; sourceTree = "<group>"; };
		FAAFD2731F0189D3005AE035 /* Info.plist */ = {isa = PBXFileReference; lastKnownFileType = text.plist.xml; path = Info.plist; sourceTree = "<group>"; };
		FAAFD2781F0189D3005AE035 /* ParseChatUITests.xctest */ = {isa = PBXFileReference; explicitFileType = wrapper.cfbundle; includeInIndex = 0; path = ParseChatUITests.xctest; sourceTree = BUILT_PRODUCTS_DIR; };
		FAAFD27C1F0189D3005AE035 /* ParseChatUITests.swift */ = {isa = PBXFileReference; lastKnownFileType = sourcecode.swift; path = ParseChatUITests.swift; sourceTree = "<group>"; };
		FAAFD27E1F0189D3005AE035 /* Info.plist */ = {isa = PBXFileReference; lastKnownFileType = text.plist.xml; path = Info.plist; sourceTree = "<group>"; };
		FB50E2D7F7E0DD1BFA96F63A /* Pods_ParseChat.framework */ = {isa = PBXFileReference; explicitFileType = wrapper.framework; includeInIndex = 0; path = Pods_ParseChat.framework; sourceTree = BUILT_PRODUCTS_DIR; };
		FD31BADAA761E3171140D92F /* Pods-ParseChat.release.xcconfig */ = {isa = PBXFileReference; includeInIndex = 1; lastKnownFileType = text.xcconfig; name = "Pods-ParseChat.release.xcconfig"; path = "Pods/Target Support Files/Pods-ParseChat/Pods-ParseChat.release.xcconfig"; sourceTree = "<group>"; };
/* End PBXFileReference section */

/* Begin PBXFrameworksBuildPhase section */
		FAAFD2561F0189D3005AE035 /* Frameworks */ = {
			isa = PBXFrameworksBuildPhase;
			buildActionMask = 2147483647;
			files = (
				CF229BD4BF445DEDBAB4E8FF /* Pods_ParseChat.framework in Frameworks */,
			);
			runOnlyForDeploymentPostprocessing = 0;
		};
		FAAFD26A1F0189D3005AE035 /* Frameworks */ = {
			isa = PBXFrameworksBuildPhase;
			buildActionMask = 2147483647;
			files = (
				5EC0946C68B1C9C3E18743DD /* Pods_ParseChatTests.framework in Frameworks */,
			);
			runOnlyForDeploymentPostprocessing = 0;
		};
		FAAFD2751F0189D3005AE035 /* Frameworks */ = {
			isa = PBXFrameworksBuildPhase;
			buildActionMask = 2147483647;
			files = (
				41AB7EFFA7A141875160D450 /* Pods_ParseChatUITests.framework in Frameworks */,
			);
			runOnlyForDeploymentPostprocessing = 0;
		};
/* End PBXFrameworksBuildPhase section */

/* Begin PBXGroup section */
		3B3032CDD4B79587BCC36DB7 /* Frameworks */ = {
			isa = PBXGroup;
			children = (
				FB50E2D7F7E0DD1BFA96F63A /* Pods_ParseChat.framework */,
				7D96FEAA812997BA4C149788 /* Pods_ParseChatTests.framework */,
				4B47CE9CE2939B769D469D38 /* Pods_ParseChatUITests.framework */,
			);
			name = Frameworks;
			sourceTree = "<group>";
		};
		9C16B1A7F337910AE908C385 /* Pods */ = {
			isa = PBXGroup;
			children = (
				DF2A0E5CC2E33DD597020DBE /* Pods-ParseChat.debug.xcconfig */,
				FD31BADAA761E3171140D92F /* Pods-ParseChat.release.xcconfig */,
				53B95E28ABE9A5AEE7A8CC88 /* Pods-ParseChatTests.debug.xcconfig */,
				E5B833F0ED762B95E105B27A /* Pods-ParseChatTests.release.xcconfig */,
				34C012A94BBB076240073BC6 /* Pods-ParseChatUITests.debug.xcconfig */,
				078E5B6F95F074AEF77D0960 /* Pods-ParseChatUITests.release.xcconfig */,
			);
			name = Pods;
			sourceTree = "<group>";
		};
		FAAFD2501F0189D2005AE035 = {
			isa = PBXGroup;
			children = (
				FAAFD25B1F0189D3005AE035 /* ParseChat */,
				FAAFD2701F0189D3005AE035 /* ParseChatTests */,
				FAAFD27B1F0189D3005AE035 /* ParseChatUITests */,
				FAAFD25A1F0189D3005AE035 /* Products */,
				9C16B1A7F337910AE908C385 /* Pods */,
				3B3032CDD4B79587BCC36DB7 /* Frameworks */,
			);
			sourceTree = "<group>";
		};
		FAAFD25A1F0189D3005AE035 /* Products */ = {
			isa = PBXGroup;
			children = (
				FAAFD2591F0189D3005AE035 /* ParseChat.app */,
				FAAFD26D1F0189D3005AE035 /* ParseChatTests.xctest */,
				FAAFD2781F0189D3005AE035 /* ParseChatUITests.xctest */,
			);
			name = Products;
			sourceTree = "<group>";
		};
		FAAFD25B1F0189D3005AE035 /* ParseChat */ = {
			isa = PBXGroup;
			children = (
				FAAFD25C1F0189D3005AE035 /* AppDelegate.swift */,
				FAAFD2601F0189D3005AE035 /* Main.storyboard */,
				FA56498C1F01A3FA00A0B58A /* ChatViewController.swift */,
				FA56498A1F018C7C00A0B58A /* LoginViewController.swift */,
				FAAFD2631F0189D3005AE035 /* Assets.xcassets */,
				FAAFD2651F0189D3005AE035 /* LaunchScreen.storyboard */,
				FAAFD2681F0189D3005AE035 /* Info.plist */,
			);
			path = ParseChat;
			sourceTree = "<group>";
		};
		FAAFD2701F0189D3005AE035 /* ParseChatTests */ = {
			isa = PBXGroup;
			children = (
				FAAFD2711F0189D3005AE035 /* ParseChatTests.swift */,
				FAAFD2731F0189D3005AE035 /* Info.plist */,
			);
			path = ParseChatTests;
			sourceTree = "<group>";
		};
		FAAFD27B1F0189D3005AE035 /* ParseChatUITests */ = {
			isa = PBXGroup;
			children = (
				FAAFD27C1F0189D3005AE035 /* ParseChatUITests.swift */,
				FAAFD27E1F0189D3005AE035 /* Info.plist */,
			);
			path = ParseChatUITests;
			sourceTree = "<group>";
		};
/* End PBXGroup section */

/* Begin PBXNativeTarget section */
		FAAFD2581F0189D3005AE035 /* ParseChat */ = {
			isa = PBXNativeTarget;
			buildConfigurationList = FAAFD2811F0189D3005AE035 /* Build configuration list for PBXNativeTarget "ParseChat" */;
			buildPhases = (
				4A1E378EB73D5BACA7699B6D /* [CP] Check Pods Manifest.lock */,
				FAAFD2551F0189D3005AE035 /* Sources */,
				FAAFD2561F0189D3005AE035 /* Frameworks */,
				FAAFD2571F0189D3005AE035 /* Resources */,
				4B9526001CDC67B44051634D /* [CP] Embed Pods Frameworks */,
				1449B63CA288D2F1754EF80E /* [CP] Copy Pods Resources */,
			);
			buildRules = (
			);
			dependencies = (
			);
			name = ParseChat;
			productName = ParseChat;
			productReference = FAAFD2591F0189D3005AE035 /* ParseChat.app */;
			productType = "com.apple.product-type.application";
		};
		FAAFD26C1F0189D3005AE035 /* ParseChatTests */ = {
			isa = PBXNativeTarget;
			buildConfigurationList = FAAFD2841F0189D3005AE035 /* Build configuration list for PBXNativeTarget "ParseChatTests" */;
			buildPhases = (
				61B4ADA885304A3FBED8B23D /* [CP] Check Pods Manifest.lock */,
				FAAFD2691F0189D3005AE035 /* Sources */,
				FAAFD26A1F0189D3005AE035 /* Frameworks */,
				FAAFD26B1F0189D3005AE035 /* Resources */,
				3CE7FB5906C9C42B74A32AFB /* [CP] Embed Pods Frameworks */,
				05585EC690BC8388F698B98F /* [CP] Copy Pods Resources */,
			);
			buildRules = (
			);
			dependencies = (
				FAAFD26F1F0189D3005AE035 /* PBXTargetDependency */,
			);
			name = ParseChatTests;
			productName = ParseChatTests;
			productReference = FAAFD26D1F0189D3005AE035 /* ParseChatTests.xctest */;
			productType = "com.apple.product-type.bundle.unit-test";
		};
		FAAFD2771F0189D3005AE035 /* ParseChatUITests */ = {
			isa = PBXNativeTarget;
			buildConfigurationList = FAAFD2871F0189D3005AE035 /* Build configuration list for PBXNativeTarget "ParseChatUITests" */;
			buildPhases = (
				673CC354DB6DE70CF12F72EB /* [CP] Check Pods Manifest.lock */,
				FAAFD2741F0189D3005AE035 /* Sources */,
				FAAFD2751F0189D3005AE035 /* Frameworks */,
				FAAFD2761F0189D3005AE035 /* Resources */,
				7FAE06196574DFF94CD9A077 /* [CP] Embed Pods Frameworks */,
				DA6806FA162D9B26E666DEC0 /* [CP] Copy Pods Resources */,
			);
			buildRules = (
			);
			dependencies = (
				FAAFD27A1F0189D3005AE035 /* PBXTargetDependency */,
			);
			name = ParseChatUITests;
			productName = ParseChatUITests;
			productReference = FAAFD2781F0189D3005AE035 /* ParseChatUITests.xctest */;
			productType = "com.apple.product-type.bundle.ui-testing";
		};
/* End PBXNativeTarget section */

/* Begin PBXProject section */
		FAAFD2511F0189D2005AE035 /* Project object */ = {
			isa = PBXProject;
			attributes = {
				LastSwiftUpdateCheck = 0830;
				LastUpgradeCheck = 0830;
				ORGANIZATIONNAME = "Isabella Teng";
				TargetAttributes = {
					FAAFD2581F0189D3005AE035 = {
						CreatedOnToolsVersion = 8.3.2;
						ProvisioningStyle = Automatic;
					};
					FAAFD26C1F0189D3005AE035 = {
						CreatedOnToolsVersion = 8.3.2;
						ProvisioningStyle = Automatic;
						TestTargetID = FAAFD2581F0189D3005AE035;
					};
					FAAFD2771F0189D3005AE035 = {
						CreatedOnToolsVersion = 8.3.2;
						ProvisioningStyle = Automatic;
						TestTargetID = FAAFD2581F0189D3005AE035;
					};
				};
			};
			buildConfigurationList = FAAFD2541F0189D2005AE035 /* Build configuration list for PBXProject "ParseChat" */;
			compatibilityVersion = "Xcode 3.2";
			developmentRegion = English;
			hasScannedForEncodings = 0;
			knownRegions = (
				en,
				Base,
			);
			mainGroup = FAAFD2501F0189D2005AE035;
			productRefGroup = FAAFD25A1F0189D3005AE035 /* Products */;
			projectDirPath = "";
			projectRoot = "";
			targets = (
				FAAFD2581F0189D3005AE035 /* ParseChat */,
				FAAFD26C1F0189D3005AE035 /* ParseChatTests */,
				FAAFD2771F0189D3005AE035 /* ParseChatUITests */,
			);
		};
/* End PBXProject section */

/* Begin PBXResourcesBuildPhase section */
		FAAFD2571F0189D3005AE035 /* Resources */ = {
			isa = PBXResourcesBuildPhase;
			buildActionMask = 2147483647;
			files = (
				FAAFD2671F0189D3005AE035 /* LaunchScreen.storyboard in Resources */,
				FAAFD2641F0189D3005AE035 /* Assets.xcassets in Resources */,
				FAAFD2621F0189D3005AE035 /* Main.storyboard in Resources */,
			);
			runOnlyForDeploymentPostprocessing = 0;
		};
		FAAFD26B1F0189D3005AE035 /* Resources */ = {
			isa = PBXResourcesBuildPhase;
			buildActionMask = 2147483647;
			files = (
			);
			runOnlyForDeploymentPostprocessing = 0;
		};
		FAAFD2761F0189D3005AE035 /* Resources */ = {
			isa = PBXResourcesBuildPhase;
			buildActionMask = 2147483647;
			files = (
			);
			runOnlyForDeploymentPostprocessing = 0;
		};
/* End PBXResourcesBuildPhase section */

/* Begin PBXShellScriptBuildPhase section */
		05585EC690BC8388F698B98F /* [CP] Copy Pods Resources */ = {
			isa = PBXShellScriptBuildPhase;
			buildActionMask = 2147483647;
			files = (
			);
			inputPaths = (
			);
			name = "[CP] Copy Pods Resources";
			outputPaths = (
			);
			runOnlyForDeploymentPostprocessing = 0;
			shellPath = /bin/sh;
			shellScript = "\"${SRCROOT}/Pods/Target Support Files/Pods-ParseChatTests/Pods-ParseChatTests-resources.sh\"\n";
			showEnvVarsInLog = 0;
		};
		1449B63CA288D2F1754EF80E /* [CP] Copy Pods Resources */ = {
			isa = PBXShellScriptBuildPhase;
			buildActionMask = 2147483647;
			files = (
			);
			inputPaths = (
			);
			name = "[CP] Copy Pods Resources";
			outputPaths = (
			);
			runOnlyForDeploymentPostprocessing = 0;
			shellPath = /bin/sh;
			shellScript = "\"${SRCROOT}/Pods/Target Support Files/Pods-ParseChat/Pods-ParseChat-resources.sh\"\n";
			showEnvVarsInLog = 0;
		};
		3CE7FB5906C9C42B74A32AFB /* [CP] Embed Pods Frameworks */ = {
			isa = PBXShellScriptBuildPhase;
			buildActionMask = 2147483647;
			files = (
			);
			inputPaths = (
			);
			name = "[CP] Embed Pods Frameworks";
			outputPaths = (
			);
			runOnlyForDeploymentPostprocessing = 0;
			shellPath = /bin/sh;
			shellScript = "\"${SRCROOT}/Pods/Target Support Files/Pods-ParseChatTests/Pods-ParseChatTests-frameworks.sh\"\n";
			showEnvVarsInLog = 0;
		};
		4A1E378EB73D5BACA7699B6D /* [CP] Check Pods Manifest.lock */ = {
			isa = PBXShellScriptBuildPhase;
			buildActionMask = 2147483647;
			files = (
			);
			inputPaths = (
			);
			name = "[CP] Check Pods Manifest.lock";
			outputPaths = (
			);
			runOnlyForDeploymentPostprocessing = 0;
			shellPath = /bin/sh;
			shellScript = "diff \"${PODS_PODFILE_DIR_PATH}/Podfile.lock\" \"${PODS_ROOT}/Manifest.lock\" > /dev/null\nif [ $? != 0 ] ; then\n    # print error to STDERR\n    echo \"error: The sandbox is not in sync with the Podfile.lock. Run 'pod install' or update your CocoaPods installation.\" >&2\n    exit 1\nfi\n";
			showEnvVarsInLog = 0;
		};
		4B9526001CDC67B44051634D /* [CP] Embed Pods Frameworks */ = {
			isa = PBXShellScriptBuildPhase;
			buildActionMask = 2147483647;
			files = (
			);
			inputPaths = (
			);
			name = "[CP] Embed Pods Frameworks";
			outputPaths = (
			);
			runOnlyForDeploymentPostprocessing = 0;
			shellPath = /bin/sh;
			shellScript = "\"${SRCROOT}/Pods/Target Support Files/Pods-ParseChat/Pods-ParseChat-frameworks.sh\"\n";
			showEnvVarsInLog = 0;
		};
		61B4ADA885304A3FBED8B23D /* [CP] Check Pods Manifest.lock */ = {
			isa = PBXShellScriptBuildPhase;
			buildActionMask = 2147483647;
			files = (
			);
			inputPaths = (
			);
			name = "[CP] Check Pods Manifest.lock";
			outputPaths = (
			);
			runOnlyForDeploymentPostprocessing = 0;
			shellPath = /bin/sh;
			shellScript = "diff \"${PODS_PODFILE_DIR_PATH}/Podfile.lock\" \"${PODS_ROOT}/Manifest.lock\" > /dev/null\nif [ $? != 0 ] ; then\n    # print error to STDERR\n    echo \"error: The sandbox is not in sync with the Podfile.lock. Run 'pod install' or update your CocoaPods installation.\" >&2\n    exit 1\nfi\n";
			showEnvVarsInLog = 0;
		};
		673CC354DB6DE70CF12F72EB /* [CP] Check Pods Manifest.lock */ = {
			isa = PBXShellScriptBuildPhase;
			buildActionMask = 2147483647;
			files = (
			);
			inputPaths = (
			);
			name = "[CP] Check Pods Manifest.lock";
			outputPaths = (
			);
			runOnlyForDeploymentPostprocessing = 0;
			shellPath = /bin/sh;
			shellScript = "diff \"${PODS_PODFILE_DIR_PATH}/Podfile.lock\" \"${PODS_ROOT}/Manifest.lock\" > /dev/null\nif [ $? != 0 ] ; then\n    # print error to STDERR\n    echo \"error: The sandbox is not in sync with the Podfile.lock. Run 'pod install' or update your CocoaPods installation.\" >&2\n    exit 1\nfi\n";
			showEnvVarsInLog = 0;
		};
		7FAE06196574DFF94CD9A077 /* [CP] Embed Pods Frameworks */ = {
			isa = PBXShellScriptBuildPhase;
			buildActionMask = 2147483647;
			files = (
			);
			inputPaths = (
			);
			name = "[CP] Embed Pods Frameworks";
			outputPaths = (
			);
			runOnlyForDeploymentPostprocessing = 0;
			shellPath = /bin/sh;
			shellScript = "\"${SRCROOT}/Pods/Target Support Files/Pods-ParseChatUITests/Pods-ParseChatUITests-frameworks.sh\"\n";
			showEnvVarsInLog = 0;
		};
		DA6806FA162D9B26E666DEC0 /* [CP] Copy Pods Resources */ = {
			isa = PBXShellScriptBuildPhase;
			buildActionMask = 2147483647;
			files = (
			);
			inputPaths = (
			);
			name = "[CP] Copy Pods Resources";
			outputPaths = (
			);
			runOnlyForDeploymentPostprocessing = 0;
			shellPath = /bin/sh;
			shellScript = "\"${SRCROOT}/Pods/Target Support Files/Pods-ParseChatUITests/Pods-ParseChatUITests-resources.sh\"\n";
			showEnvVarsInLog = 0;
		};
/* End PBXShellScriptBuildPhase section */

/* Begin PBXSourcesBuildPhase section */
		FAAFD2551F0189D3005AE035 /* Sources */ = {
			isa = PBXSourcesBuildPhase;
			buildActionMask = 2147483647;
			files = (
				FA56498B1F018C7C00A0B58A /* LoginViewController.swift in Sources */,
				FA56498D1F01A3FA00A0B58A /* ChatViewController.swift in Sources */,
				FAAFD25D1F0189D3005AE035 /* AppDelegate.swift in Sources */,
			);
			runOnlyForDeploymentPostprocessing = 0;
		};
		FAAFD2691F0189D3005AE035 /* Sources */ = {
			isa = PBXSourcesBuildPhase;
			buildActionMask = 2147483647;
			files = (
				FAAFD2721F0189D3005AE035 /* ParseChatTests.swift in Sources */,
			);
			runOnlyForDeploymentPostprocessing = 0;
		};
		FAAFD2741F0189D3005AE035 /* Sources */ = {
			isa = PBXSourcesBuildPhase;
			buildActionMask = 2147483647;
			files = (
				FAAFD27D1F0189D3005AE035 /* ParseChatUITests.swift in Sources */,
			);
			runOnlyForDeploymentPostprocessing = 0;
		};
/* End PBXSourcesBuildPhase section */

/* Begin PBXTargetDependency section */
		FAAFD26F1F0189D3005AE035 /* PBXTargetDependency */ = {
			isa = PBXTargetDependency;
			target = FAAFD2581F0189D3005AE035 /* ParseChat */;
			targetProxy = FAAFD26E1F0189D3005AE035 /* PBXContainerItemProxy */;
		};
		FAAFD27A1F0189D3005AE035 /* PBXTargetDependency */ = {
			isa = PBXTargetDependency;
			target = FAAFD2581F0189D3005AE035 /* ParseChat */;
			targetProxy = FAAFD2791F0189D3005AE035 /* PBXContainerItemProxy */;
		};
/* End PBXTargetDependency section */

/* Begin PBXVariantGroup section */
		FAAFD2601F0189D3005AE035 /* Main.storyboard */ = {
			isa = PBXVariantGroup;
			children = (
				FAAFD2611F0189D3005AE035 /* Base */,
			);
			name = Main.storyboard;
			sourceTree = "<group>";
		};
		FAAFD2651F0189D3005AE035 /* LaunchScreen.storyboard */ = {
			isa = PBXVariantGroup;
			children = (
				FAAFD2661F0189D3005AE035 /* Base */,
			);
			name = LaunchScreen.storyboard;
			sourceTree = "<group>";
		};
/* End PBXVariantGroup section */

/* Begin XCBuildConfiguration section */
		FAAFD27F1F0189D3005AE035 /* Debug */ = {
			isa = XCBuildConfiguration;
			buildSettings = {
				ALWAYS_SEARCH_USER_PATHS = NO;
				CLANG_ANALYZER_NONNULL = YES;
				CLANG_ANALYZER_NUMBER_OBJECT_CONVERSION = YES_AGGRESSIVE;
				CLANG_CXX_LANGUAGE_STANDARD = "gnu++0x";
				CLANG_CXX_LIBRARY = "libc++";
				CLANG_ENABLE_MODULES = YES;
				CLANG_ENABLE_OBJC_ARC = YES;
				CLANG_WARN_BOOL_CONVERSION = YES;
				CLANG_WARN_CONSTANT_CONVERSION = YES;
				CLANG_WARN_DIRECT_OBJC_ISA_USAGE = YES_ERROR;
				CLANG_WARN_DOCUMENTATION_COMMENTS = YES;
				CLANG_WARN_EMPTY_BODY = YES;
				CLANG_WARN_ENUM_CONVERSION = YES;
				CLANG_WARN_INFINITE_RECURSION = YES;
				CLANG_WARN_INT_CONVERSION = YES;
				CLANG_WARN_OBJC_ROOT_CLASS = YES_ERROR;
				CLANG_WARN_SUSPICIOUS_MOVE = YES;
				CLANG_WARN_UNREACHABLE_CODE = YES;
				CLANG_WARN__DUPLICATE_METHOD_MATCH = YES;
				"CODE_SIGN_IDENTITY[sdk=iphoneos*]" = "iPhone Developer";
				COPY_PHASE_STRIP = NO;
				DEBUG_INFORMATION_FORMAT = dwarf;
				ENABLE_STRICT_OBJC_MSGSEND = YES;
				ENABLE_TESTABILITY = YES;
				GCC_C_LANGUAGE_STANDARD = gnu99;
				GCC_DYNAMIC_NO_PIC = NO;
				GCC_NO_COMMON_BLOCKS = YES;
				GCC_OPTIMIZATION_LEVEL = 0;
				GCC_PREPROCESSOR_DEFINITIONS = (
					"DEBUG=1",
					"$(inherited)",
				);
				GCC_WARN_64_TO_32_BIT_CONVERSION = YES;
				GCC_WARN_ABOUT_RETURN_TYPE = YES_ERROR;
				GCC_WARN_UNDECLARED_SELECTOR = YES;
				GCC_WARN_UNINITIALIZED_AUTOS = YES_AGGRESSIVE;
				GCC_WARN_UNUSED_FUNCTION = YES;
				GCC_WARN_UNUSED_VARIABLE = YES;
				IPHONEOS_DEPLOYMENT_TARGET = 10.3;
				MTL_ENABLE_DEBUG_INFO = YES;
				ONLY_ACTIVE_ARCH = YES;
				SDKROOT = iphoneos;
				SWIFT_ACTIVE_COMPILATION_CONDITIONS = DEBUG;
				SWIFT_OPTIMIZATION_LEVEL = "-Onone";
				TARGETED_DEVICE_FAMILY = "1,2";
			};
			name = Debug;
		};
		FAAFD2801F0189D3005AE035 /* Release */ = {
			isa = XCBuildConfiguration;
			buildSettings = {
				ALWAYS_SEARCH_USER_PATHS = NO;
				CLANG_ANALYZER_NONNULL = YES;
				CLANG_ANALYZER_NUMBER_OBJECT_CONVERSION = YES_AGGRESSIVE;
				CLANG_CXX_LANGUAGE_STANDARD = "gnu++0x";
				CLANG_CXX_LIBRARY = "libc++";
				CLANG_ENABLE_MODULES = YES;
				CLANG_ENABLE_OBJC_ARC = YES;
				CLANG_WARN_BOOL_CONVERSION = YES;
				CLANG_WARN_CONSTANT_CONVERSION = YES;
				CLANG_WARN_DIRECT_OBJC_ISA_USAGE = YES_ERROR;
				CLANG_WARN_DOCUMENTATION_COMMENTS = YES;
				CLANG_WARN_EMPTY_BODY = YES;
				CLANG_WARN_ENUM_CONVERSION = YES;
				CLANG_WARN_INFINITE_RECURSION = YES;
				CLANG_WARN_INT_CONVERSION = YES;
				CLANG_WARN_OBJC_ROOT_CLASS = YES_ERROR;
				CLANG_WARN_SUSPICIOUS_MOVE = YES;
				CLANG_WARN_UNREACHABLE_CODE = YES;
				CLANG_WARN__DUPLICATE_METHOD_MATCH = YES;
				"CODE_SIGN_IDENTITY[sdk=iphoneos*]" = "iPhone Developer";
				COPY_PHASE_STRIP = NO;
				DEBUG_INFORMATION_FORMAT = "dwarf-with-dsym";
				ENABLE_NS_ASSERTIONS = NO;
				ENABLE_STRICT_OBJC_MSGSEND = YES;
				GCC_C_LANGUAGE_STANDARD = gnu99;
				GCC_NO_COMMON_BLOCKS = YES;
				GCC_WARN_64_TO_32_BIT_CONVERSION = YES;
				GCC_WARN_ABOUT_RETURN_TYPE = YES_ERROR;
				GCC_WARN_UNDECLARED_SELECTOR = YES;
				GCC_WARN_UNINITIALIZED_AUTOS = YES_AGGRESSIVE;
				GCC_WARN_UNUSED_FUNCTION = YES;
				GCC_WARN_UNUSED_VARIABLE = YES;
				IPHONEOS_DEPLOYMENT_TARGET = 10.3;
				MTL_ENABLE_DEBUG_INFO = NO;
				SDKROOT = iphoneos;
				SWIFT_OPTIMIZATION_LEVEL = "-Owholemodule";
				TARGETED_DEVICE_FAMILY = "1,2";
				VALIDATE_PRODUCT = YES;
			};
			name = Release;
		};
		FAAFD2821F0189D3005AE035 /* Debug */ = {
			isa = XCBuildConfiguration;
			baseConfigurationReference = DF2A0E5CC2E33DD597020DBE /* Pods-ParseChat.debug.xcconfig */;
			buildSettings = {
				ASSETCATALOG_COMPILER_APPICON_NAME = AppIcon;
				INFOPLIST_FILE = ParseChat/Info.plist;
				LD_RUNPATH_SEARCH_PATHS = "$(inherited) @executable_path/Frameworks";
				PRODUCT_BUNDLE_IDENTIFIER = com.isabella.ParseChat;
				PRODUCT_NAME = "$(TARGET_NAME)";
				SWIFT_VERSION = 3.0;
			};
			name = Debug;
		};
		FAAFD2831F0189D3005AE035 /* Release */ = {
			isa = XCBuildConfiguration;
			baseConfigurationReference = FD31BADAA761E3171140D92F /* Pods-ParseChat.release.xcconfig */;
			buildSettings = {
				ASSETCATALOG_COMPILER_APPICON_NAME = AppIcon;
				INFOPLIST_FILE = ParseChat/Info.plist;
				LD_RUNPATH_SEARCH_PATHS = "$(inherited) @executable_path/Frameworks";
				PRODUCT_BUNDLE_IDENTIFIER = com.isabella.ParseChat;
				PRODUCT_NAME = "$(TARGET_NAME)";
				SWIFT_VERSION = 3.0;
			};
			name = Release;
		};
		FAAFD2851F0189D3005AE035 /* Debug */ = {
			isa = XCBuildConfiguration;
			baseConfigurationReference = 53B95E28ABE9A5AEE7A8CC88 /* Pods-ParseChatTests.debug.xcconfig */;
			buildSettings = {
				ALWAYS_EMBED_SWIFT_STANDARD_LIBRARIES = YES;
				BUNDLE_LOADER = "$(TEST_HOST)";
				INFOPLIST_FILE = ParseChatTests/Info.plist;
				LD_RUNPATH_SEARCH_PATHS = "$(inherited) @executable_path/Frameworks @loader_path/Frameworks";
				PRODUCT_BUNDLE_IDENTIFIER = com.isabella.ParseChatTests;
				PRODUCT_NAME = "$(TARGET_NAME)";
				SWIFT_VERSION = 3.0;
				TEST_HOST = "$(BUILT_PRODUCTS_DIR)/ParseChat.app/ParseChat";
			};
			name = Debug;
		};
		FAAFD2861F0189D3005AE035 /* Release */ = {
			isa = XCBuildConfiguration;
			baseConfigurationReference = E5B833F0ED762B95E105B27A /* Pods-ParseChatTests.release.xcconfig */;
			buildSettings = {
				ALWAYS_EMBED_SWIFT_STANDARD_LIBRARIES = YES;
				BUNDLE_LOADER = "$(TEST_HOST)";
				INFOPLIST_FILE = ParseChatTests/Info.plist;
				LD_RUNPATH_SEARCH_PATHS = "$(inherited) @executable_path/Frameworks @loader_path/Frameworks";
				PRODUCT_BUNDLE_IDENTIFIER = com.isabella.ParseChatTests;
				PRODUCT_NAME = "$(TARGET_NAME)";
				SWIFT_VERSION = 3.0;
				TEST_HOST = "$(BUILT_PRODUCTS_DIR)/ParseChat.app/ParseChat";
			};
			name = Release;
		};
		FAAFD2881F0189D3005AE035 /* Debug */ = {
			isa = XCBuildConfiguration;
			baseConfigurationReference = 34C012A94BBB076240073BC6 /* Pods-ParseChatUITests.debug.xcconfig */;
			buildSettings = {
				ALWAYS_EMBED_SWIFT_STANDARD_LIBRARIES = YES;
				INFOPLIST_FILE = ParseChatUITests/Info.plist;
				LD_RUNPATH_SEARCH_PATHS = "$(inherited) @executable_path/Frameworks @loader_path/Frameworks";
				PRODUCT_BUNDLE_IDENTIFIER = com.isabella.ParseChatUITests;
				PRODUCT_NAME = "$(TARGET_NAME)";
				SWIFT_VERSION = 3.0;
				TEST_TARGET_NAME = ParseChat;
			};
			name = Debug;
		};
		FAAFD2891F0189D3005AE035 /* Release */ = {
			isa = XCBuildConfiguration;
			baseConfigurationReference = 078E5B6F95F074AEF77D0960 /* Pods-ParseChatUITests.release.xcconfig */;
			buildSettings = {
				ALWAYS_EMBED_SWIFT_STANDARD_LIBRARIES = YES;
				INFOPLIST_FILE = ParseChatUITests/Info.plist;
				LD_RUNPATH_SEARCH_PATHS = "$(inherited) @executable_path/Frameworks @loader_path/Frameworks";
				PRODUCT_BUNDLE_IDENTIFIER = com.isabella.ParseChatUITests;
				PRODUCT_NAME = "$(TARGET_NAME)";
				SWIFT_VERSION = 3.0;
				TEST_TARGET_NAME = ParseChat;
			};
			name = Release;
		};
/* End XCBuildConfiguration section */

/* Begin XCConfigurationList section */
		FAAFD2541F0189D2005AE035 /* Build configuration list for PBXProject "ParseChat" */ = {
			isa = XCConfigurationList;
			buildConfigurations = (
				FAAFD27F1F0189D3005AE035 /* Debug */,
				FAAFD2801F0189D3005AE035 /* Release */,
			);
			defaultConfigurationIsVisible = 0;
			defaultConfigurationName = Release;
		};
		FAAFD2811F0189D3005AE035 /* Build configuration list for PBXNativeTarget "ParseChat" */ = {
			isa = XCConfigurationList;
			buildConfigurations = (
				FAAFD2821F0189D3005AE035 /* Debug */,
				FAAFD2831F0189D3005AE035 /* Release */,
			);
			defaultConfigurationIsVisible = 0;
			defaultConfigurationName = Release;
		};
		FAAFD2841F0189D3005AE035 /* Build configuration list for PBXNativeTarget "ParseChatTests" */ = {
			isa = XCConfigurationList;
			buildConfigurations = (
				FAAFD2851F0189D3005AE035 /* Debug */,
				FAAFD2861F0189D3005AE035 /* Release */,
			);
			defaultConfigurationIsVisible = 0;
			defaultConfigurationName = Release;
		};
		FAAFD2871F0189D3005AE035 /* Build configuration list for PBXNativeTarget "ParseChatUITests" */ = {
			isa = XCConfigurationList;
			buildConfigurations = (
				FAAFD2881F0189D3005AE035 /* Debug */,
				FAAFD2891F0189D3005AE035 /* Release */,
			);
			defaultConfigurationIsVisible = 0;
			defaultConfigurationName = Release;
		};
/* End XCConfigurationList section */
	};
	rootObject = FAAFD2511F0189D2005AE035 /* Project object */;
}
